<?xml version="1.0" encoding="UTF-8" standalone="yes" ?>
<CodeBlocks_project_file>
	<FileVersion major="1" minor="6" />
	<Project>
		<Option title="ListaInvertida" />
		<Option pch_mode="2" />
		<Option compiler="gcc" />
		<Build>
			<Target title="Debug">
				<Option output="bin/Debug/ListaInvertida" prefix_auto="1" extension_auto="1" />
				<Option object_output="obj/Debug/" />
				<Option type="1" />
				<Option compiler="gcc" />
				<Compiler>
					<Add option="-g" />
					<Add directory="include" />
				</Compiler>
			</Target>
			<Target title="Release">
				<Option output="bin/Release/ListaInvertida" prefix_auto="1" extension_auto="1" />
				<Option object_output="obj/Release/" />
				<Option type="1" />
				<Option compiler="gcc" />
				<Compiler>
					<Add option="-O2" />
					<Add directory="include" />
				</Compiler>
				<Linker>
					<Add option="-s" />
				</Linker>
			</Target>
		</Build>
		<Compiler>
			<Add option="-Wall" />
			<Add option="-fexceptions" />
		</Compiler>
		<Unit filename="include/CCamino.h" />
		<Unit filename="include/CCiudad.h" />
		<Unit filename="include/CComentario.h" />
		<Unit filename="include/CInvertidaArroba.h" />
		<Unit filename="include/CInvertidaGato.h" />
		<Unit filename="include/CInvertidaIndices.h" />
		<Unit filename="include/CSerializable.h" />
		<Unit filename="include/ElementoAEstrella.h" />
		<Unit filename="include/TablaHashCamino.h" />
		<Unit filename="include/TablaHashCiudad.h" />
		<Unit filename="include/TablaHashComentario.h" />
		<Unit filename="main.cpp" />
		<Extensions>
			<code_completion />
			<envvars />
			<debugger />
		</Extensions>
	</Project>
</CodeBlocks_project_file>
